
Microsoft Visual Studio Solution File, Format Version 12.00
Project("{FAE04EC0-301F-11D3-BF4B-00C04F79EFBC}") = "StudentsWpfFirst", "StudentsWpfFirst\StudentsWpfFirst.csproj", "{6147BE18-E880-449A-B30D-91929DE6A3AF}"
EndProject
Global
	GlobalSection(SolutionConfigurationPlatforms) = preSolution
		Debug|Any CPU = Debug|Any CPU
		Release|Any CPU = Release|Any CPU
	EndGlobalSection
	GlobalSection(ProjectConfigurationPlatforms) = postSolution
		{6147BE18-E880-449A-B30D-91929DE6A3AF}.Debug|Any CPU.ActiveCfg = Debug|Any CPU
		{6147BE18-E880-449A-B30D-91929DE6A3AF}.Debug|Any CPU.Build.0 = Debug|Any CPU
		{6147BE18-E880-449A-B30D-91929DE6A3AF}.Release|Any CPU.ActiveCfg = Release|Any CPU
		{6147BE18-E880-449A-B30D-91929DE6A3AF}.Release|Any CPU.Build.0 = Release|Any CPU
	EndGlobalSection
EndGlobal
